
Microsoft Visual Studio Solution File, Format Version 12.00
# Visual Studio Version 17
VisualStudioVersion = 17.4.33403.182
MinimumVisualStudioVersion = 10.0.40219.1
Project("{FAE04EC0-301F-11D3-BF4B-00C04F79EFBC}") = "HotelManagement", "HotelManagement\HotelManagement.csproj", "{84E64C6F-BC53-4157-8C91-1B02CA63DFF9}"
EndProject
Global
	GlobalSection(SolutionConfigurationPlatforms) = preSolution
		Debug|Any CPU = Debug|Any CPU
		Release|Any CPU = Release|Any CPU
	EndGlobalSection
	GlobalSection(ProjectConfigurationPlatforms) = postSolution
		{84E64C6F-BC53-4157-8C91-1B02CA63DFF9}.Debug|Any CPU.ActiveCfg = Debug|Any CPU
		{84E64C6F-BC53-4157-8C91-1B02CA63DFF9}.Debug|Any CPU.Build.0 = Debug|Any CPU
		{84E64C6F-BC53-4157-8C91-1B02CA63DFF9}.Release|Any CPU.ActiveCfg = Release|Any CPU
		{84E64C6F-BC53-4157-8C91-1B02CA63DFF9}.Release|Any CPU.Build.0 = Release|Any CPU
	EndGlobalSection
	GlobalSection(SolutionProperties) = preSolution
		HideSolutionNode = FALSE
	EndGlobalSection
	GlobalSection(ExtensibilityGlobals) = postSolution
		SolutionGuid = {3CEAC4BC-16C4-489F-B854-E93635F2D81F}
	EndGlobalSection
EndGlobal
